// !$*UTF8*$!
{
	archiveVersion = 1;
	classes = {
	};
	objectVersion = 51;
	objects = {

/* Begin PBXBuildFile section */
		C80DCFBFD21AED7407CD7827 /* libPods-WeatherGift.a in Frameworks */ = {isa = PBXBuildFile; fileRef = 13EC8DAA967CDDED8AD337D4 /* libPods-WeatherGift.a */; };
		CA036A952426E29400A84470 /* LocationDetailViewController.swift in Sources */ = {isa = PBXBuildFile; fileRef = CA036A942426E29400A84470 /* LocationDetailViewController.swift */; };
		CA036A972426ECD200A84470 /* PageViewController.swift in Sources */ = {isa = PBXBuildFile; fileRef = CA036A962426ECD200A84470 /* PageViewController.swift */; };
		CA036A992427DC2900A84470 /* WeatherDetail.swift in Sources */ = {isa = PBXBuildFile; fileRef = CA036A982427DC2900A84470 /* WeatherDetail.swift */; };
		CA1226FC244B826F001A6370 /* UIViewController+alert.swift in Sources */ = {isa = PBXBuildFile; fileRef = CA1226FB244B826F001A6370 /* UIViewController+alert.swift */; };
		CA2B806724157CB500563E6D /* AppDelegate.swift in Sources */ = {isa = PBXBuildFile; fileRef = CA2B806624157CB500563E6D /* AppDelegate.swift */; };
		CA2B806924157CB500563E6D /* SceneDelegate.swift in Sources */ = {isa = PBXBuildFile; fileRef = CA2B806824157CB500563E6D /* SceneDelegate.swift */; };
		CA2B806B24157CB500563E6D /* LocationListViewController.swift in Sources */ = {isa = PBXBuildFile; fileRef = CA2B806A24157CB500563E6D /* LocationListViewController.swift */; };
		CA2B806E24157CB500563E6D /* Main.storyboard in Resources */ = {isa = PBXBuildFile; fileRef = CA2B806C24157CB500563E6D /* Main.storyboard */; };
		CA2B807024157CB700563E6D /* Assets.xcassets in Resources */ = {isa = PBXBuildFile; fileRef = CA2B806F24157CB700563E6D /* Assets.xcassets */; };
		CA2B807324157CB700563E6D /* LaunchScreen.storyboard in Resources */ = {isa = PBXBuildFile; fileRef = CA2B807124157CB700563E6D /* LaunchScreen.storyboard */; };
		CA2B807B24157CC900563E6D /* WeatherLocation.swift in Sources */ = {isa = PBXBuildFile; fileRef = CA2B807A24157CC900563E6D /* WeatherLocation.swift */; };
		CA434B9D2426D3670054A697 /* APIkeys.swift in Sources */ = {isa = PBXBuildFile; fileRef = CA434B9C2426D3670054A697 /* APIkeys.swift */; };
		CAF3F13D242FE669000A4EC8 /* DailyTableViewCell.swift in Sources */ = {isa = PBXBuildFile; fileRef = CAF3F13C242FE669000A4EC8 /* DailyTableViewCell.swift */; };
		CAF3F13F242FF088000A4EC8 /* HourlyCollectionViewCell.swift in Sources */ = {isa = PBXBuildFile; fileRef = CAF3F13E242FF088000A4EC8 /* HourlyCollectionViewCell.swift */; };
/* End PBXBuildFile section */

/* Begin PBXFileReference section */
		13EC8DAA967CDDED8AD337D4 /* libPods-WeatherGift.a */ = {isa = PBXFileReference; explicitFileType = archive.ar; includeInIndex = 0; path = "libPods-WeatherGift.a"; sourceTree = BUILT_PRODUCTS_DIR; };
		3F16887ED1B7B1A89C29DCFF /* Pods-WeatherGift.debug.xcconfig */ = {isa = PBXFileReference; includeInIndex = 1; lastKnownFileType = text.xcconfig; name = "Pods-WeatherGift.debug.xcconfig"; path = "Target Support Files/Pods-WeatherGift/Pods-WeatherGift.debug.xcconfig"; sourceTree = "<group>"; };
		CA036A942426E29400A84470 /* LocationDetailViewController.swift */ = {isa = PBXFileReference; lastKnownFileType = sourcecode.swift; path = LocationDetailViewController.swift; sourceTree = "<group>"; };
		CA036A962426ECD200A84470 /* PageViewController.swift */ = {isa = PBXFileReference; lastKnownFileType = sourcecode.swift; path = PageViewController.swift; sourceTree = "<group>"; };
		CA036A982427DC2900A84470 /* WeatherDetail.swift */ = {isa = PBXFileReference; lastKnownFileType = sourcecode.swift; path = WeatherDetail.swift; sourceTree = "<group>"; };
		CA1226FB244B826F001A6370 /* UIViewController+alert.swift */ = {isa = PBXFileReference; fileEncoding = 4; lastKnownFileType = sourcecode.swift; path = "UIViewController+alert.swift"; sourceTree = "<group>"; };
		CA2B806324157CB500563E6D /* WeatherGift.app */ = {isa = PBXFileReference; explicitFileType = wrapper.application; includeInIndex = 0; path = WeatherGift.app; sourceTree = BUILT_PRODUCTS_DIR; };
		CA2B806624157CB500563E6D /* AppDelegate.swift */ = {isa = PBXFileReference; lastKnownFileType = sourcecode.swift; path = AppDelegate.swift; sourceTree = "<group>"; };
		CA2B806824157CB500563E6D /* SceneDelegate.swift */ = {isa = PBXFileReference; lastKnownFileType = sourcecode.swift; path = SceneDelegate.swift; sourceTree = "<group>"; };
		CA2B806A24157CB500563E6D /* LocationListViewController.swift */ = {isa = PBXFileReference; lastKnownFileType = sourcecode.swift; path = LocationListViewController.swift; sourceTree = "<group>"; };
		CA2B806D24157CB500563E6D /* Base */ = {isa = PBXFileReference; lastKnownFileType = file.storyboard; name = Base; path = Base.lproj/Main.storyboard; sourceTree = "<group>"; };
		CA2B806F24157CB700563E6D /* Assets.xcassets */ = {isa = PBXFileReference; lastKnownFileType = folder.assetcatalog; path = Assets.xcassets; sourceTree = "<group>"; };
		CA2B807224157CB700563E6D /* Base */ = {isa = PBXFileReference; lastKnownFileType = file.storyboard; name = Base; path = Base.lproj/LaunchScreen.storyboard; sourceTree = "<group>"; };
		CA2B807424157CB700563E6D /* Info.plist */ = {isa = PBXFileReference; lastKnownFileType = text.plist.xml; path = Info.plist; sourceTree = "<group>"; };
		CA2B807A24157CC900563E6D /* WeatherLocation.swift */ = {isa = PBXFileReference; lastKnownFileType = sourcecode.swift; path = WeatherLocation.swift; sourceTree = "<group>"; };
		CA434B9C2426D3670054A697 /* APIkeys.swift */ = {isa = PBXFileReference; lastKnownFileType = sourcecode.swift; path = APIkeys.swift; sourceTree = "<group>"; };
		CAF3F13C242FE669000A4EC8 /* DailyTableViewCell.swift */ = {isa = PBXFileReference; lastKnownFileType = sourcecode.swift; path = DailyTableViewCell.swift; sourceTree = "<group>"; };
		CAF3F13E242FF088000A4EC8 /* HourlyCollectionViewCell.swift */ = {isa = PBXFileReference; lastKnownFileType = sourcecode.swift; path = HourlyCollectionViewCell.swift; sourceTree = "<group>"; };
		D14D6C041832D3A5A9277672 /* Pods-WeatherGift.release.xcconfig */ = {isa = PBXFileReference; includeInIndex = 1; lastKnownFileType = text.xcconfig; name = "Pods-WeatherGift.release.xcconfig"; path = "Target Support Files/Pods-WeatherGift/Pods-WeatherGift.release.xcconfig"; sourceTree = "<group>"; };
/* End PBXFileReference section */

/* Begin PBXFrameworksBuildPhase section */
		CA2B806024157CB500563E6D /* Frameworks */ = {
			isa = PBXFrameworksBuildPhase;
			buildActionMask = 2147483647;
			files = (
				C80DCFBFD21AED7407CD7827 /* libPods-WeatherGift.a in Frameworks */,
			);
			runOnlyForDeploymentPostprocessing = 0;
		};
/* End PBXFrameworksBuildPhase section */

/* Begin PBXGroup section */
		1B4532CFAD3FF6299C005C79 /* Frameworks */ = {
			isa = PBXGroup;
			children = (
				13EC8DAA967CDDED8AD337D4 /* libPods-WeatherGift.a */,
			);
			name = Frameworks;
			sourceTree = "<group>";
		};
		1F91F0AD2AB3323D46A29119 /* Pods */ = {
			isa = PBXGroup;
			children = (
				3F16887ED1B7B1A89C29DCFF /* Pods-WeatherGift.debug.xcconfig */,
				D14D6C041832D3A5A9277672 /* Pods-WeatherGift.release.xcconfig */,
			);
			path = Pods;
			sourceTree = "<group>";
		};
		CA2B805A24157CB500563E6D = {
			isa = PBXGroup;
			children = (
				CA2B806524157CB500563E6D /* WeatherGift */,
				CA2B806424157CB500563E6D /* Products */,
				1F91F0AD2AB3323D46A29119 /* Pods */,
				1B4532CFAD3FF6299C005C79 /* Frameworks */,
			);
			sourceTree = "<group>";
		};
		CA2B806424157CB500563E6D /* Products */ = {
			isa = PBXGroup;
			children = (
				CA2B806324157CB500563E6D /* WeatherGift.app */,
			);
			name = Products;
			sourceTree = "<group>";
		};
		CA2B806524157CB500563E6D /* WeatherGift */ = {
			isa = PBXGroup;
			children = (
				CA2B806624157CB500563E6D /* AppDelegate.swift */,
				CA2B806824157CB500563E6D /* SceneDelegate.swift */,
				CA2B807A24157CC900563E6D /* WeatherLocation.swift */,
				CA036A982427DC2900A84470 /* WeatherDetail.swift */,
				CA036A962426ECD200A84470 /* PageViewController.swift */,
				CA036A942426E29400A84470 /* LocationDetailViewController.swift */,
				CA2B806A24157CB500563E6D /* LocationListViewController.swift */,
				CAF3F13C242FE669000A4EC8 /* DailyTableViewCell.swift */,
				CAF3F13E242FF088000A4EC8 /* HourlyCollectionViewCell.swift */,
				CA1226FB244B826F001A6370 /* UIViewController+alert.swift */,
				CA2B806C24157CB500563E6D /* Main.storyboard */,
				CA2B806F24157CB700563E6D /* Assets.xcassets */,
				CA2B807124157CB700563E6D /* LaunchScreen.storyboard */,
				CA2B807424157CB700563E6D /* Info.plist */,
				CA434B9C2426D3670054A697 /* APIkeys.swift */,
			);
			path = WeatherGift;
			sourceTree = "<group>";
		};
/* End PBXGroup section */

/* Begin PBXNativeTarget section */
		CA2B806224157CB500563E6D /* WeatherGift */ = {
			isa = PBXNativeTarget;
			buildConfigurationList = CA2B807724157CB700563E6D /* Build configuration list for PBXNativeTarget "WeatherGift" */;
			buildPhases = (
				353A5E6366305D55195D12AB /* [CP] Check Pods Manifest.lock */,
				CA2B805F24157CB500563E6D /* Sources */,
				CA2B806024157CB500563E6D /* Frameworks */,
				CA2B806124157CB500563E6D /* Resources */,
				7D406D62F46AAF68EAF3A446 /* [CP] Copy Pods Resources */,
			);
			buildRules = (
			);
			dependencies = (
			);
			name = WeatherGift;
			productName = WeatherGift;
			productReference = CA2B806324157CB500563E6D /* WeatherGift.app */;
			productType = "com.apple.product-type.application";
		};
/* End PBXNativeTarget section */

/* Begin PBXProject section */
		CA2B805B24157CB500563E6D /* Project object */ = {
			isa = PBXProject;
			attributes = {
				LastSwiftUpdateCheck = 1130;
				LastUpgradeCheck = 1130;
				ORGANIZATIONNAME = "Brandon Boey";
				TargetAttributes = {
					CA2B806224157CB500563E6D = {
						CreatedOnToolsVersion = 11.3;
					};
				};
			};
			buildConfigurationList = CA2B805E24157CB500563E6D /* Build configuration list for PBXProject "WeatherGift" */;
			compatibilityVersion = "Xcode 9.3";
			developmentRegion = en;
			hasScannedForEncodings = 0;
			knownRegions = (
				en,
				Base,
			);
			mainGroup = CA2B805A24157CB500563E6D;
			productRefGroup = CA2B806424157CB500563E6D /* Products */;
			projectDirPath = "";
			projectRoot = "";
			targets = (
				CA2B806224157CB500563E6D /* WeatherGift */,
			);
		};
/* End PBXProject section */

/* Begin PBXResourcesBuildPhase section */
		CA2B806124157CB500563E6D /* Resources */ = {
			isa = PBXResourcesBuildPhase;
			buildActionMask = 2147483647;
			files = (
				CA2B807324157CB700563E6D /* LaunchScreen.storyboard in Resources */,
				CA2B807024157CB700563E6D /* Assets.xcassets in Resources */,
				CA2B806E24157CB500563E6D /* Main.storyboard in Resources */,
			);
			runOnlyForDeploymentPostprocessing = 0;
		};
/* End PBXResourcesBuildPhase section */

/* Begin PBXShellScriptBuildPhase section */
		353A5E6366305D55195D12AB /* [CP] Check Pods Manifest.lock */ = {
			isa = PBXShellScriptBuildPhase;
			buildActionMask = 2147483647;
			files = (
			);
			inputFileListPaths = (
			);
			inputPaths = (
				"${PODS_PODFILE_DIR_PATH}/Podfile.lock",
				"${PODS_ROOT}/Manifest.lock",
			);
			name = "[CP] Check Pods Manifest.lock";
			outputFileListPaths = (
			);
			outputPaths = (
				"$(DERIVED_FILE_DIR)/Pods-WeatherGift-checkManifestLockResult.txt",
			);
			runOnlyForDeploymentPostprocessing = 0;
			shellPath = /bin/sh;
			shellScript = "diff \"${PODS_PODFILE_DIR_PATH}/Podfile.lock\" \"${PODS_ROOT}/Manifest.lock\" > /dev/null\nif [ $? != 0 ] ; then\n    # print error to STDERR\n    echo \"error: The sandbox is not in sync with the Podfile.lock. Run 'pod install' or update your CocoaPods installation.\" >&2\n    exit 1\nfi\n# This output is used by Xcode 'outputs' to avoid re-running this script phase.\necho \"SUCCESS\" > \"${SCRIPT_OUTPUT_FILE_0}\"\n";
			showEnvVarsInLog = 0;
		};
		7D406D62F46AAF68EAF3A446 /* [CP] Copy Pods Resources */ = {
			isa = PBXShellScriptBuildPhase;
			buildActionMask = 2147483647;
			files = (
			);
			inputFileListPaths = (
				"${PODS_ROOT}/Target Support Files/Pods-WeatherGift/Pods-WeatherGift-resources-${CONFIGURATION}-input-files.xcfilelist",
			);
			name = "[CP] Copy Pods Resources";
			outputFileListPaths = (
				"${PODS_ROOT}/Target Support Files/Pods-WeatherGift/Pods-WeatherGift-resources-${CONFIGURATION}-output-files.xcfilelist",
			);
			runOnlyForDeploymentPostprocessing = 0;
			shellPath = /bin/sh;
			shellScript = "\"${PODS_ROOT}/Target Support Files/Pods-WeatherGift/Pods-WeatherGift-resources.sh\"\n";
			showEnvVarsInLog = 0;
		};
/* End PBXShellScriptBuildPhase section */

/* Begin PBXSourcesBuildPhase section */
		CA2B805F24157CB500563E6D /* Sources */ = {
			isa = PBXSourcesBuildPhase;
			buildActionMask = 2147483647;
			files = (
				CAF3F13D242FE669000A4EC8 /* DailyTableViewCell.swift in Sources */,
				CA2B806B24157CB500563E6D /* LocationListViewController.swift in Sources */,
				CA036A972426ECD200A84470 /* PageViewController.swift in Sources */,
				CA2B807B24157CC900563E6D /* WeatherLocation.swift in Sources */,
				CA434B9D2426D3670054A697 /* APIkeys.swift in Sources */,
				CA2B806724157CB500563E6D /* AppDelegate.swift in Sources */,
				CA036A992427DC2900A84470 /* WeatherDetail.swift in Sources */,
				CA1226FC244B826F001A6370 /* UIViewController+alert.swift in Sources */,
				CA036A952426E29400A84470 /* LocationDetailViewController.swift in Sources */,
				CA2B806924157CB500563E6D /* SceneDelegate.swift in Sources */,
				CAF3F13F242FF088000A4EC8 /* HourlyCollectionViewCell.swift in Sources */,
			);
			runOnlyForDeploymentPostprocessing = 0;
		};
/* End PBXSourcesBuildPhase section */

/* Begin PBXVariantGroup section */
		CA2B806C24157CB500563E6D /* Main.storyboard */ = {
			isa = PBXVariantGroup;
			children = (
				CA2B806D24157CB500563E6D /* Base */,
			);
			name = Main.storyboard;
			sourceTree = "<group>";
		};
		CA2B807124157CB700563E6D /* LaunchScreen.storyboard */ = {
			isa = PBXVariantGroup;
			children = (
				CA2B807224157CB700563E6D /* Base */,
			);
			name = LaunchScreen.storyboard;
			sourceTree = "<group>";
		};
/* End PBXVariantGroup section */

/* Begin XCBuildConfiguration section */
		CA2B807524157CB700563E6D /* Debug */ = {
			isa = XCBuildConfiguration;
			buildSettings = {
				ALWAYS_SEARCH_USER_PATHS = NO;
				CLANG_ANALYZER_NONNULL = YES;
				CLANG_ANALYZER_NUMBER_OBJECT_CONVERSION = YES_AGGRESSIVE;
				CLANG_CXX_LANGUAGE_STANDARD = "gnu++14";
				CLANG_CXX_LIBRARY = "libc++";
				CLANG_ENABLE_MODULES = YES;
				CLANG_ENABLE_OBJC_ARC = YES;
				CLANG_ENABLE_OBJC_WEAK = YES;
				CLANG_WARN_BLOCK_CAPTURE_AUTORELEASING = YES;
				CLANG_WARN_BOOL_CONVERSION = YES;
				CLANG_WARN_COMMA = YES;
				CLANG_WARN_CONSTANT_CONVERSION = YES;
				CLANG_WARN_DEPRECATED_OBJC_IMPLEMENTATIONS = YES;
				CLANG_WARN_DIRECT_OBJC_ISA_USAGE = YES_ERROR;
				CLANG_WARN_DOCUMENTATION_COMMENTS = YES;
				CLANG_WARN_EMPTY_BODY = YES;
				CLANG_WARN_ENUM_CONVERSION = YES;
				CLANG_WARN_INFINITE_RECURSION = YES;
				CLANG_WARN_INT_CONVERSION = YES;
				CLANG_WARN_NON_LITERAL_NULL_CONVERSION = YES;
				CLANG_WARN_OBJC_IMPLICIT_RETAIN_SELF = YES;
				CLANG_WARN_OBJC_LITERAL_CONVERSION = YES;
				CLANG_WARN_OBJC_ROOT_CLASS = YES_ERROR;
				CLANG_WARN_RANGE_LOOP_ANALYSIS = YES;
				CLANG_WARN_STRICT_PROTOTYPES = YES;
				CLANG_WARN_SUSPICIOUS_MOVE = YES;
				CLANG_WARN_UNGUARDED_AVAILABILITY = YES_AGGRESSIVE;
				CLANG_WARN_UNREACHABLE_CODE = YES;
				CLANG_WARN__DUPLICATE_METHOD_MATCH = YES;
				COPY_PHASE_STRIP = NO;
				DEBUG_INFORMATION_FORMAT = dwarf;
				ENABLE_STRICT_OBJC_MSGSEND = YES;
				ENABLE_TESTABILITY = YES;
				GCC_C_LANGUAGE_STANDARD = gnu11;
				GCC_DYNAMIC_NO_PIC = NO;
				GCC_NO_COMMON_BLOCKS = YES;
				GCC_OPTIMIZATION_LEVEL = 0;
				GCC_PREPROCESSOR_DEFINITIONS = (
					"DEBUG=1",
					"$(inherited)",
				);
				GCC_WARN_64_TO_32_BIT_CONVERSION = YES;
				GCC_WARN_ABOUT_RETURN_TYPE = YES_ERROR;
				GCC_WARN_UNDECLARED_SELECTOR = YES;
				GCC_WARN_UNINITIALIZED_AUTOS = YES_AGGRESSIVE;
				GCC_WARN_UNUSED_FUNCTION = YES;
				GCC_WARN_UNUSED_VARIABLE = YES;
				IPHONEOS_DEPLOYMENT_TARGET = 13.2;
				MTL_ENABLE_DEBUG_INFO = INCLUDE_SOURCE;
				MTL_FAST_MATH = YES;
				ONLY_ACTIVE_ARCH = YES;
				SDKROOT = iphoneos;
				SWIFT_ACTIVE_COMPILATION_CONDITIONS = DEBUG;
				SWIFT_OPTIMIZATION_LEVEL = "-Onone";
			};
			name = Debug;
		};
		CA2B807624157CB700563E6D /* Release */ = {
			isa = XCBuildConfiguration;
			buildSettings = {
				ALWAYS_SEARCH_USER_PATHS = NO;
				CLANG_ANALYZER_NONNULL = YES;
				CLANG_ANALYZER_NUMBER_OBJECT_CONVERSION = YES_AGGRESSIVE;
				CLANG_CXX_LANGUAGE_STANDARD = "gnu++14";
				CLANG_CXX_LIBRARY = "libc++";
				CLANG_ENABLE_MODULES = YES;
				CLANG_ENABLE_OBJC_ARC = YES;
				CLANG_ENABLE_OBJC_WEAK = YES;
				CLANG_WARN_BLOCK_CAPTURE_AUTORELEASING = YES;
				CLANG_WARN_BOOL_CONVERSION = YES;
				CLANG_WARN_COMMA = YES;
				CLANG_WARN_CONSTANT_CONVERSION = YES;
				CLANG_WARN_DEPRECATED_OBJC_IMPLEMENTATIONS = YES;
				CLANG_WARN_DIRECT_OBJC_ISA_USAGE = YES_ERROR;
				CLANG_WARN_DOCUMENTATION_COMMENTS = YES;
				CLANG_WARN_EMPTY_BODY = YES;
				CLANG_WARN_ENUM_CONVERSION = YES;
				CLANG_WARN_INFINITE_RECURSION = YES;
				CLANG_WARN_INT_CONVERSION = YES;
				CLANG_WARN_NON_LITERAL_NULL_CONVERSION = YES;
				CLANG_WARN_OBJC_IMPLICIT_RETAIN_SELF = YES;
				CLANG_WARN_OBJC_LITERAL_CONVERSION = YES;
				CLANG_WARN_OBJC_ROOT_CLASS = YES_ERROR;
				CLANG_WARN_RANGE_LOOP_ANALYSIS = YES;
				CLANG_WARN_STRICT_PROTOTYPES = YES;
				CLANG_WARN_SUSPICIOUS_MOVE = YES;
				CLANG_WARN_UNGUARDED_AVAILABILITY = YES_AGGRESSIVE;
				CLANG_WARN_UNREACHABLE_CODE = YES;
				CLANG_WARN__DUPLICATE_METHOD_MATCH = YES;
				COPY_PHASE_STRIP = NO;
				DEBUG_INFORMATION_FORMAT = "dwarf-with-dsym";
				ENABLE_NS_ASSERTIONS = NO;
				ENABLE_STRICT_OBJC_MSGSEND = YES;
				GCC_C_LANGUAGE_STANDARD = gnu11;
				GCC_NO_COMMON_BLOCKS = YES;
				GCC_WARN_64_TO_32_BIT_CONVERSION = YES;
				GCC_WARN_ABOUT_RETURN_TYPE = YES_ERROR;
				GCC_WARN_UNDECLARED_SELECTOR = YES;
				GCC_WARN_UNINITIALIZED_AUTOS = YES_AGGRESSIVE;
				GCC_WARN_UNUSED_FUNCTION = YES;
				GCC_WARN_UNUSED_VARIABLE = YES;
				IPHONEOS_DEPLOYMENT_TARGET = 13.2;
				MTL_ENABLE_DEBUG_INFO = NO;
				MTL_FAST_MATH = YES;
				SDKROOT = iphoneos;
				SWIFT_COMPILATION_MODE = wholemodule;
				SWIFT_OPTIMIZATION_LEVEL = "-O";
				VALIDATE_PRODUCT = YES;
			};
			name = Release;
		};
		CA2B807824157CB700563E6D /* Debug */ = {
			isa = XCBuildConfiguration;
			baseConfigurationReference = 3F16887ED1B7B1A89C29DCFF /* Pods-WeatherGift.debug.xcconfig */;
			buildSettings = {
				ASSETCATALOG_COMPILER_APPICON_NAME = AppIcon;
				CODE_SIGN_STYLE = Automatic;
				DEVELOPMENT_TEAM = 76SXG24Z8F;
				INFOPLIST_FILE = WeatherGift/Info.plist;
				LD_RUNPATH_SEARCH_PATHS = (
					"$(inherited)",
					"@executable_path/Frameworks",
				);
				PRODUCT_BUNDLE_IDENTIFIER = com.Boey.WeatherGift;
				PRODUCT_NAME = "$(TARGET_NAME)";
				SWIFT_VERSION = 5.0;
				TARGETED_DEVICE_FAMILY = "1,2";
			};
			name = Debug;
		};
		CA2B807924157CB700563E6D /* Release */ = {
			isa = XCBuildConfiguration;
			baseConfigurationReference = D14D6C041832D3A5A9277672 /* Pods-WeatherGift.release.xcconfig */;
			buildSettings = {
				ASSETCATALOG_COMPILER_APPICON_NAME = AppIcon;
				CODE_SIGN_STYLE = Automatic;
				DEVELOPMENT_TEAM = 76SXG24Z8F;
				INFOPLIST_FILE = WeatherGift/Info.plist;
				LD_RUNPATH_SEARCH_PATHS = (
					"$(inherited)",
					"@executable_path/Frameworks",
				);
				PRODUCT_BUNDLE_IDENTIFIER = com.Boey.WeatherGift;
				PRODUCT_NAME = "$(TARGET_NAME)";
				SWIFT_VERSION = 5.0;
				TARGETED_DEVICE_FAMILY = "1,2";
			};
			name = Release;
		};
/* End XCBuildConfiguration section */

/* Begin XCConfigurationList section */
		CA2B805E24157CB500563E6D /* Build configuration list for PBXProject "WeatherGift" */ = {
			isa = XCConfigurationList;
			buildConfigurations = (
				CA2B807524157CB700563E6D /* Debug */,
				CA2B807624157CB700563E6D /* Release */,
			);
			defaultConfigurationIsVisible = 0;
			defaultConfigurationName = Release;
		};
		CA2B807724157CB700563E6D /* Build configuration list for PBXNativeTarget "WeatherGift" */ = {
			isa = XCConfigurationList;
			buildConfigurations = (
				CA2B807824157CB700563E6D /* Debug */,
				CA2B807924157CB700563E6D /* Release */,
			);
			defaultConfigurationIsVisible = 0;
			defaultConfigurationName = Release;
		};
/* End XCConfigurationList section */
	};
	rootObject = CA2B805B24157CB500563E6D /* Project object */;
}
